{
    "name": "gift-hub",
    "version": "1.0.0",
    "lockfileVersion": 3,
    "requires": true,
    "packages": {
        "": {
            "name": "gift-hub",
            "version": "1.0.0",
            "workspaces": [
                "apps/*"
            ]
        },
        "apps/api": {
            "name": "gift-hub",
            "version": "1.0.0",
            "license": "UNLICENSED"
        },
        "node_modules/gift-hub": {
            "resolved": "apps/api",
            "link": true
        }
    }
}
